
Microsoft Visual Studio Solution File, Format Version 12.00
# Visual Studio 15
Project("{FAE04EC0-301F-11D3-BF4B-00C04F79EFBC}") = "AstarPathfindingProject", "AstarPathfindingProject.csproj", "{4B7C45C1-5586-91EE-C236-E9C9D477BC1F}"
EndProject
Project("{FAE04EC0-301F-11D3-BF4B-00C04F79EFBC}") = "Assembly-CSharp", "Assembly-CSharp.csproj", "{6147E0B4-5924-2509-868C-C096E4078D76}"
EndProject
Project("{FAE04EC0-301F-11D3-BF4B-00C04F79EFBC}") = "PackageToolsEditor", "PackageToolsEditor.csproj", "{A30EAB08-5A49-A2E1-963D-E8BDD03505CD}"
EndProject
Project("{FAE04EC0-301F-11D3-BF4B-00C04F79EFBC}") = "AstarPathfindingProjectEditor", "AstarPathfindingProjectEditor.csproj", "{45011915-43CA-B1FC-C8D0-9F1D01DECE60}"
EndProject
Global
	GlobalSection(SolutionConfigurationPlatforms) = preSolution
		Debug|Any CPU = Debug|Any CPU
		Release|Any CPU = Release|Any CPU
	EndGlobalSection
	GlobalSection(ProjectConfigurationPlatforms) = postSolution
		{4B7C45C1-5586-91EE-C236-E9C9D477BC1F}.Debug|Any CPU.ActiveCfg = Debug|Any CPU
		{4B7C45C1-5586-91EE-C236-E9C9D477BC1F}.Debug|Any CPU.Build.0 = Debug|Any CPU
		{4B7C45C1-5586-91EE-C236-E9C9D477BC1F}.Release|Any CPU.ActiveCfg = Release|Any CPU
		{4B7C45C1-5586-91EE-C236-E9C9D477BC1F}.Release|Any CPU.Build.0 = Release|Any CPU
		{6147E0B4-5924-2509-868C-C096E4078D76}.Debug|Any CPU.ActiveCfg = Debug|Any CPU
		{6147E0B4-5924-2509-868C-C096E4078D76}.Debug|Any CPU.Build.0 = Debug|Any CPU
		{6147E0B4-5924-2509-868C-C096E4078D76}.Release|Any CPU.ActiveCfg = Release|Any CPU
		{6147E0B4-5924-2509-868C-C096E4078D76}.Release|Any CPU.Build.0 = Release|Any CPU
		{A30EAB08-5A49-A2E1-963D-E8BDD03505CD}.Debug|Any CPU.ActiveCfg = Debug|Any CPU
		{A30EAB08-5A49-A2E1-963D-E8BDD03505CD}.Debug|Any CPU.Build.0 = Debug|Any CPU
		{A30EAB08-5A49-A2E1-963D-E8BDD03505CD}.Release|Any CPU.ActiveCfg = Release|Any CPU
		{A30EAB08-5A49-A2E1-963D-E8BDD03505CD}.Release|Any CPU.Build.0 = Release|Any CPU
		{45011915-43CA-B1FC-C8D0-9F1D01DECE60}.Debug|Any CPU.ActiveCfg = Debug|Any CPU
		{45011915-43CA-B1FC-C8D0-9F1D01DECE60}.Debug|Any CPU.Build.0 = Debug|Any CPU
		{45011915-43CA-B1FC-C8D0-9F1D01DECE60}.Release|Any CPU.ActiveCfg = Release|Any CPU
		{45011915-43CA-B1FC-C8D0-9F1D01DECE60}.Release|Any CPU.Build.0 = Release|Any CPU
	EndGlobalSection
	GlobalSection(SolutionProperties) = preSolution
		HideSolutionNode = FALSE
	EndGlobalSection
EndGlobal
